
Microsoft Visual Studio Solution File, Format Version 12.00
# Visual Studio 15
VisualStudioVersion = 15.0.28307.1340
MinimumVisualStudioVersion = 10.0.40219.1
Project("{9A19103F-16F7-4668-BE54-9A1E7A4F7556}") = "FBMWebApi", "FBMWebApi\FBMWebApi.csproj", "{6A146E12-C5FE-4963-AC9E-DC0F4EFFF44F}"
EndProject
Project("{FAE04EC0-301F-11D3-BF4B-00C04F79EFBC}") = "WebapiUnitTesting", "WebapiUnitTesting\WebapiUnitTesting.csproj", "{1BE22A79-B72F-4B5B-B443-7C35CA56DF85}"
EndProject
Global
	GlobalSection(SolutionConfigurationPlatforms) = preSolution
		Debug|Any CPU = Debug|Any CPU
		Release|Any CPU = Release|Any CPU
	EndGlobalSection
	GlobalSection(ProjectConfigurationPlatforms) = postSolution
		{6A146E12-C5FE-4963-AC9E-DC0F4EFFF44F}.Debug|Any CPU.ActiveCfg = Debug|Any CPU
		{6A146E12-C5FE-4963-AC9E-DC0F4EFFF44F}.Debug|Any CPU.Build.0 = Debug|Any CPU
		{6A146E12-C5FE-4963-AC9E-DC0F4EFFF44F}.Release|Any CPU.ActiveCfg = Release|Any CPU
		{6A146E12-C5FE-4963-AC9E-DC0F4EFFF44F}.Release|Any CPU.Build.0 = Release|Any CPU
		{1BE22A79-B72F-4B5B-B443-7C35CA56DF85}.Debug|Any CPU.ActiveCfg = Debug|Any CPU
		{1BE22A79-B72F-4B5B-B443-7C35CA56DF85}.Debug|Any CPU.Build.0 = Debug|Any CPU
		{1BE22A79-B72F-4B5B-B443-7C35CA56DF85}.Release|Any CPU.ActiveCfg = Release|Any CPU
		{1BE22A79-B72F-4B5B-B443-7C35CA56DF85}.Release|Any CPU.Build.0 = Release|Any CPU
	EndGlobalSection
	GlobalSection(SolutionProperties) = preSolution
		HideSolutionNode = FALSE
	EndGlobalSection
	GlobalSection(ExtensibilityGlobals) = postSolution
		SolutionGuid = {6792C64B-C668-434D-BF95-85FF6CF4A3F9}
	EndGlobalSection
EndGlobal
